{
  "name": "flowersPskov",
  "lockfileVersion": 3,
  "requires": true,
  "packages": {
    "": {
      "dependencies": {
        "@vendia/serverless-express": "^4.12.6"
      }
    },
    "node_modules/@codegenie/serverless-express": {
      "version": "4.17.0",
      "resolved": "https://registry.npmjs.org/@codegenie/serverless-express/-/serverless-express-4.17.0.tgz",
      "integrity": "sha512-KebLJ34yHNWFoC9D+iF1Ft+6T8hj0mdylP9d2SFERNuVPOc6UqAvgxm9mY6r2V3wCJ+BPpG2vEHihpUtCT3dEg==",
      "license": "Apache-2.0",
      "engines": {
        "node": ">=18"
      }
    },
    "node_modules/@vendia/serverless-express": {
      "version": "4.12.6",
      "resolved": "https://registry.npmjs.org/@vendia/serverless-express/-/serverless-express-4.12.6.tgz",
      "integrity": "sha512-ePsIPk3VQwgm5nh/JGBtTKQs5ZOF7REjHxC+PKk/CHvhlKQkJuUU365uPOlxuLJhC+BAefDznDRReWxpnKjmYg==",
      "license": "Apache-2.0",
      "dependencies": {
        "@codegenie/serverless-express": "^4.12.5"
      },
      "engines": {
        "node": ">=12"
      }
    }
  }
}
